Microsoft Visual Studio Solution File, Format Version 12.00
# Visual Studio Version 17
VisualStudioVersion = 17.5.2.0
MinimumVisualStudioVersion = 10.0.40219.1
Project("{FAE04EC0-301F-11D3-BF4B-00C04F79EFBC}") = "DevAtlasApi", "DevAtlasApi.csproj", "{E733232D-9C94-73A0-3151-4D66FFF5C003}"
EndProject
Global
	GlobalSection(SolutionConfigurationPlatforms) = preSolution
		Debug|Any CPU = Debug|Any CPU
		Release|Any CPU = Release|Any CPU
	EndGlobalSection
	GlobalSection(ProjectConfigurationPlatforms) = postSolution
		{E733232D-9C94-73A0-3151-4D66FFF5C003}.Debug|Any CPU.ActiveCfg = Debug|Any CPU
		{E733232D-9C94-73A0-3151-4D66FFF5C003}.Debug|Any CPU.Build.0 = Debug|Any CPU
		{E733232D-9C94-73A0-3151-4D66FFF5C003}.Release|Any CPU.ActiveCfg = Release|Any CPU
		{E733232D-9C94-73A0-3151-4D66FFF5C003}.Release|Any CPU.Build.0 = Release|Any CPU
	EndGlobalSection
	GlobalSection(SolutionProperties) = preSolution
		HideSolutionNode = FALSE
	EndGlobalSection
	GlobalSection(ExtensibilityGlobals) = postSolution
		SolutionGuid = {C495866D-6EA6-48C9-B07C-E05E6E9AC965}
	EndGlobalSection
EndGlobal
